{
  "name": "zenn-article",
  "version": "1.0.0",
  "lockfileVersion": 3,
  "requires": true,
  "packages": {
    "": {
      "name": "zenn-article",
      "version": "1.0.0",
      "license": "ISC",
      "dependencies": {
        "zenn-cli": "^0.1.154"
      },
      "devDependencies": {
        "@types/node": "^20.17.1",
        "typescript": "^5.3.2"
      }
    },
    "node_modules/@types/node": {
      "version": "20.17.1",
      "resolved": "https://registry.npmjs.org/@types/node/-/node-20.17.1.tgz",
      "integrity": "sha512-j2VlPv1NnwPJbaCNv69FO/1z4lId0QmGvpT41YxitRtWlg96g/j8qcv2RKsLKe2F6OJgyXhupN1Xo17b2m139Q==",
      "dev": true,
      "license": "MIT",
      "dependencies": {
        "undici-types": "~6.19.2"
      }
    },
    "node_modules/typescript": {
      "version": "5.3.2",
      "resolved": "https://registry.npmjs.org/typescript/-/typescript-5.3.2.tgz",
      "integrity": "sha512-6l+RyNy7oAHDfxC4FzSJcz9vnjTKxrLpDG5M2Vu4SHRVNg6xzqZp6LYSR9zjqQTu8DU/f5xwxUdADOkbrIX2gQ==",
      "dev": true,
      "bin": {
        "tsc": "bin/tsc",
        "tsserver": "bin/tsserver"
      },
      "engines": {
        "node": ">=14.17"
      }
    },
    "node_modules/undici-types": {
      "version": "6.19.8",
      "resolved": "https://registry.npmjs.org/undici-types/-/undici-types-6.19.8.tgz",
      "integrity": "sha512-ve2KP6f/JnbPBFyobGHuerC9g1FYGn/F8n1LWTwNxCEzd6IfqTwUQcNXgEtmmQ6DlRrC1hrSrBnCZPokRrDHjw==",
      "dev": true,
      "license": "MIT"
    },
    "node_modules/zenn-cli": {
      "version": "0.1.154",
      "resolved": "https://registry.npmjs.org/zenn-cli/-/zenn-cli-0.1.154.tgz",
      "integrity": "sha512-s9SZst7TWiA2VS+40CWUS7pu5cl2OAIhNPyiAtqIwjDFzqB47vVsN78G8VK7VZ7ov6B4gqQrQHcgMHVqvoLN8g==",
      "bin": {
        "zenn": "dist/server/zenn.js"
      },
      "engines": {
        "node": ">=14.0.0"
      }
    }
  }
}
