# This file is generated by running "yarn install" inside your project.
# Manual changes might be lost - proceed with caution!

__metadata:
  version: 7
  cacheKey: 10

"zenn-article@workspace:.":
  version: 0.0.0-use.local
  resolution: "zenn-article@workspace:."
  dependencies:
    zenn-cli: "npm:^0.1.144"
  languageName: unknown
  linkType: soft

"zenn-cli@npm:^0.1.144":
  version: 0.1.144
  resolution: "zenn-cli@npm:0.1.144"
  bin:
    zenn: dist/server/zenn.js
  checksum: 202c80fb2211b05e83bcb7ed0de4729e37a29b9f8fc42912928ac586babedf789b341b0d4a8c8f8f8224a4adf60aae486c70bac598d587ee5eeeeda3c5003f48
  languageName: node
  linkType: hard
